
Microsoft Visual Studio Solution File, Format Version 12.00
# Visual Studio 15
VisualStudioVersion = 15.0.27428.2037
MinimumVisualStudioVersion = 10.0.40219.1
Project("{888888A0-9F3D-457C-B088-3A5042F75D52}") = "Chess", "Chess\Chess.pyproj", "{1A8B3CA2-1799-4AEB-90B5-8D33B551F549}"
EndProject
Global
	GlobalSection(SolutionConfigurationPlatforms) = preSolution
		Debug|Any CPU = Debug|Any CPU
		Release|Any CPU = Release|Any CPU
	EndGlobalSection
	GlobalSection(ProjectConfigurationPlatforms) = postSolution
		{1A8B3CA2-1799-4AEB-90B5-8D33B551F549}.Debug|Any CPU.ActiveCfg = Debug|Any CPU
		{1A8B3CA2-1799-4AEB-90B5-8D33B551F549}.Release|Any CPU.ActiveCfg = Release|Any CPU
	EndGlobalSection
	GlobalSection(SolutionProperties) = preSolution
		HideSolutionNode = FALSE
	EndGlobalSection
	GlobalSection(ExtensibilityGlobals) = postSolution
		SolutionGuid = {D8532F05-6873-4CAE-91FC-9E62F7124744}
	EndGlobalSection
EndGlobal
